
Microsoft Visual Studio Solution File, Format Version 12.00
# Visual Studio Version 17
VisualStudioVersion = 17.11.35303.130
MinimumVisualStudioVersion = 10.0.40219.1
Project("{FAE04EC0-301F-11D3-BF4B-00C04F79EFBC}") = "Resume", "Resume\Resume.csproj", "{0BDC510E-3AA6-41AD-9D22-0C2938287F0C}"
EndProject
Global
	GlobalSection(SolutionConfigurationPlatforms) = preSolution
		Debug|Any CPU = Debug|Any CPU
		Release|Any CPU = Release|Any CPU
	EndGlobalSection
	GlobalSection(ProjectConfigurationPlatforms) = postSolution
		{0BDC510E-3AA6-41AD-9D22-0C2938287F0C}.Debug|Any CPU.ActiveCfg = Debug|Any CPU
		{0BDC510E-3AA6-41AD-9D22-0C2938287F0C}.Debug|Any CPU.Build.0 = Debug|Any CPU
		{0BDC510E-3AA6-41AD-9D22-0C2938287F0C}.Release|Any CPU.ActiveCfg = Release|Any CPU
		{0BDC510E-3AA6-41AD-9D22-0C2938287F0C}.Release|Any CPU.Build.0 = Release|Any CPU
	EndGlobalSection
	GlobalSection(SolutionProperties) = preSolution
		HideSolutionNode = FALSE
	EndGlobalSection
	GlobalSection(ExtensibilityGlobals) = postSolution
		SolutionGuid = {CC5798EB-C2E4-481A-8263-9BC0E58F0FD4}
	EndGlobalSection
EndGlobal
